# THIS IS AN AUTOGENERATED FILE. DO NOT EDIT THIS FILE DIRECTLY.
# yarn lockfile v1


"@types/node@^14.14.10":
  version "14.18.32"
  resolved "https://registry.yarnpkg.com/@types/node/-/node-14.18.32.tgz#8074f7106731f1a12ba993fe8bad86ee73905014"
  integrity sha512-Y6S38pFr04yb13qqHf8uk1nHE3lXgQ30WZbv1mLliV9pt0NjvqdWttLcrOYLnXbOafknVYRHZGoMSpR9UwfYow==

ansi-colors@^4.1.1:
  version "4.1.3"
  resolved "https://registry.yarnpkg.com/ansi-colors/-/ansi-colors-4.1.3.tgz#37611340eb2243e70cc604cad35d63270d48781b"
  integrity sha512-/6w/C21Pm1A7aZitlI5Ni/2J6FFQN8i1Cvz3kHABAAbw93v/NlvKdVOqz7CCWz/3iv/JplRSEEZ83XION15ovw==

log75@^2.1.0:
  version "2.2.0"
  resolved "https://registry.yarnpkg.com/log75/-/log75-2.2.0.tgz#2505159b450c3cd1b4e863a837e883a7ecbaa2a1"
  integrity sha512-B4aMjdqCzIfJy7Fm2fZeVoB0WHK7O3NxZnFz99603wg3rItZ2os2kfeOFlh5bHNOsKDSRF2lbfGfYL3O7qgETg==
  dependencies:
    ansi-colors "^4.1.1"

typescript@^4.4.4:
  version "4.8.4"
  resolved "https://registry.yarnpkg.com/typescript/-/typescript-4.8.4.tgz#c464abca159669597be5f96b8943500b238e60e6"
  integrity sha512-QCh+85mCy+h0IGff8r5XWzOVSbBO+KfeYrMQh7NJ58QujwcE22u+NUSmUxqF+un70P9GXKxa2HCNiTTMJknyjQ==
