# THIS IS AN AUTOGENERATED FILE. DO NOT EDIT THIS FILE DIRECTLY.
# yarn lockfile v1


"@resvg/resvg-js-android-arm-eabi@2.4.1":
  version "2.4.1"
  resolved "https://registry.yarnpkg.com/@resvg/resvg-js-android-arm-eabi/-/resvg-js-android-arm-eabi-2.4.1.tgz#49dc9722f95096f8aff70186deae8e148d60dce5"
  integrity sha512-AA6f7hS0FAPpvQMhBCf6f1oD1LdlqNXKCxAAPpKh6tR11kqV0YIB9zOlIYgITM14mq2YooLFl6XIbbvmY+jwUw==

"@resvg/resvg-js-android-arm64@2.4.1":
  version "2.4.1"
  resolved "https://registry.yarnpkg.com/@resvg/resvg-js-android-arm64/-/resvg-js-android-arm64-2.4.1.tgz#fdb7c9362ea27a228831d047cfd1ea240daed780"
  integrity sha512-/QleoRdPfsEuH9jUjilYcDtKK/BkmWcK+1LXM8L2nsnf/CI8EnFyv7ZzCj4xAIvZGAy9dTYr/5NZBcTwxG2HQg==

"@resvg/resvg-js-darwin-arm64@2.4.1":
  version "2.4.1"
  resolved "https://registry.yarnpkg.com/@resvg/resvg-js-darwin-arm64/-/resvg-js-darwin-arm64-2.4.1.tgz#5ef093f1276149340b9f5a5c487717c4de87bee7"
  integrity sha512-U1oMNhea+kAXgiEXgzo7EbFGCD1Edq5aSlQoe6LMly6UjHzgx2W3N5kEXCwU/CgN5FiQhZr7PlSJSlcr7mdhfg==

"@resvg/resvg-js-darwin-x64@2.4.1":
  version "2.4.1"
  resolved "https://registry.yarnpkg.com/@resvg/resvg-js-darwin-x64/-/resvg-js-darwin-x64-2.4.1.tgz#18dd758184f4877be1f6ac80d2f37999581c998c"
  integrity sha512-avyVh6DpebBfHHtTQTZYSr6NG1Ur6TEilk1+H0n7V+g4F7x7WPOo8zL00ZhQCeRQ5H4f8WXNWIEKL8fwqcOkYw==

"@resvg/resvg-js-linux-arm-gnueabihf@2.4.1":
  version "2.4.1"
  resolved "https://registry.yarnpkg.com/@resvg/resvg-js-linux-arm-gnueabihf/-/resvg-js-linux-arm-gnueabihf-2.4.1.tgz#eee8f8166763aacc935a53e223e7b9c31b10c94a"
  integrity sha512-isY/mdKoBWH4VB5v621co+8l101jxxYjuTkwOLsbW+5RK9EbLciPlCB02M99ThAHzI2MYxIUjXNmNgOW8btXvw==

"@resvg/resvg-js-linux-arm64-gnu@2.4.1":
  version "2.4.1"
  resolved "https://registry.yarnpkg.com/@resvg/resvg-js-linux-arm64-gnu/-/resvg-js-linux-arm64-gnu-2.4.1.tgz#826569e1ee08f07879ce32850822ede2ee1192ef"
  integrity sha512-uY5voSCrFI8TH95vIYBm5blpkOtltLxLRODyhKJhGfskOI7XkRw5/t1u0sWAGYD8rRSNX+CA+np86otKjubrNg==

"@resvg/resvg-js-linux-arm64-musl@2.4.1":
  version "2.4.1"
  resolved "https://registry.yarnpkg.com/@resvg/resvg-js-linux-arm64-musl/-/resvg-js-linux-arm64-musl-2.4.1.tgz#faf63d873666078ca74604454d40e4fecc22beb4"
  integrity sha512-6mT0+JBCsermKMdi/O2mMk3m7SqOjwi9TKAwSngRZ/nQoL3Z0Z5zV+572ztgbWr0GODB422uD8e9R9zzz38dRQ==

"@resvg/resvg-js-linux-x64-gnu@2.4.1":
  version "2.4.1"
  resolved "https://registry.yarnpkg.com/@resvg/resvg-js-linux-x64-gnu/-/resvg-js-linux-x64-gnu-2.4.1.tgz#37b4c16c488aac3834a069c3725f017285d94b1e"
  integrity sha512-60KnrscLj6VGhkYOJEmmzPlqqfcw1keDh6U+vMcNDjPhV3B5vRSkpP/D/a8sfokyeh4VEacPSYkWGezvzS2/mg==

"@resvg/resvg-js-linux-x64-musl@2.4.1":
  version "2.4.1"
  resolved "https://registry.yarnpkg.com/@resvg/resvg-js-linux-x64-musl/-/resvg-js-linux-x64-musl-2.4.1.tgz#6099cf57c958832549b0671991246e06bb44df27"
  integrity sha512-0AMyZSICC1D7ge115cOZQW8Pcad6PjWuZkBFF3FJuSxC6Dgok0MQnLTs2MfMdKBlAcwO9dXsf3bv9tJZj8pATA==

"@resvg/resvg-js-win32-arm64-msvc@2.4.1":
  version "2.4.1"
  resolved "https://registry.yarnpkg.com/@resvg/resvg-js-win32-arm64-msvc/-/resvg-js-win32-arm64-msvc-2.4.1.tgz#10c9472a20198a218d8c3b6d8fbb3fcba213b670"
  integrity sha512-76XDFOFSa3d0QotmcNyChh2xHwk+JTFiEQBVxMlHpHMeq7hNrQJ1IpE1zcHSQvrckvkdfLboKRrlGB86B10Qjw==

"@resvg/resvg-js-win32-ia32-msvc@2.4.1":
  version "2.4.1"
  resolved "https://registry.yarnpkg.com/@resvg/resvg-js-win32-ia32-msvc/-/resvg-js-win32-ia32-msvc-2.4.1.tgz#bfc1d37ed485d72ca5717138b99ba40788fa2720"
  integrity sha512-odyVFGrEWZIzzJ89KdaFtiYWaIJh9hJRW/frcEcG3agJ464VXkN/2oEVF5ulD+5mpGlug9qJg7htzHcKxDN8sg==

"@resvg/resvg-js-win32-x64-msvc@2.4.1":
  version "2.4.1"
  resolved "https://registry.yarnpkg.com/@resvg/resvg-js-win32-x64-msvc/-/resvg-js-win32-x64-msvc-2.4.1.tgz#83cae82dfe27121f85492eb4dc03f6fe33d8a703"
  integrity sha512-vY4kTLH2S3bP+puU5x7hlAxHv+ulFgcK6Zn3efKSr0M0KnZ9A3qeAjZteIpkowEFfUeMPNg2dvvoFRJA9zqxSw==

"@resvg/resvg-js@^2.4.1":
  version "2.4.1"
  resolved "https://registry.yarnpkg.com/@resvg/resvg-js/-/resvg-js-2.4.1.tgz#07e9cd57f3c925a5fb075a313a0640fc74cba4a2"
  integrity sha512-wTOf1zerZX8qYcMmLZw3czR4paI4hXqPjShNwJRh5DeHxvgffUS5KM7XwxtbIheUW6LVYT5fhT2AJiP6mU7U4A==
  optionalDependencies:
    "@resvg/resvg-js-android-arm-eabi" "2.4.1"
    "@resvg/resvg-js-android-arm64" "2.4.1"
    "@resvg/resvg-js-darwin-arm64" "2.4.1"
    "@resvg/resvg-js-darwin-x64" "2.4.1"
    "@resvg/resvg-js-linux-arm-gnueabihf" "2.4.1"
    "@resvg/resvg-js-linux-arm64-gnu" "2.4.1"
    "@resvg/resvg-js-linux-arm64-musl" "2.4.1"
    "@resvg/resvg-js-linux-x64-gnu" "2.4.1"
    "@resvg/resvg-js-linux-x64-musl" "2.4.1"
    "@resvg/resvg-js-win32-arm64-msvc" "2.4.1"
    "@resvg/resvg-js-win32-ia32-msvc" "2.4.1"
    "@resvg/resvg-js-win32-x64-msvc" "2.4.1"

"@types/node@^14.14.10":
  version "14.18.32"
  resolved "https://registry.yarnpkg.com/@types/node/-/node-14.18.32.tgz#8074f7106731f1a12ba993fe8bad86ee73905014"
  integrity sha512-Y6S38pFr04yb13qqHf8uk1nHE3lXgQ30WZbv1mLliV9pt0NjvqdWttLcrOYLnXbOafknVYRHZGoMSpR9UwfYow==

ansi-colors@^4.1.1:
  version "4.1.3"
  resolved "https://registry.yarnpkg.com/ansi-colors/-/ansi-colors-4.1.3.tgz#37611340eb2243e70cc604cad35d63270d48781b"
  integrity sha512-/6w/C21Pm1A7aZitlI5Ni/2J6FFQN8i1Cvz3kHABAAbw93v/NlvKdVOqz7CCWz/3iv/JplRSEEZ83XION15ovw==

log75@^2.1.0:
  version "2.2.0"
  resolved "https://registry.yarnpkg.com/log75/-/log75-2.2.0.tgz#2505159b450c3cd1b4e863a837e883a7ecbaa2a1"
  integrity sha512-B4aMjdqCzIfJy7Fm2fZeVoB0WHK7O3NxZnFz99603wg3rItZ2os2kfeOFlh5bHNOsKDSRF2lbfGfYL3O7qgETg==
  dependencies:
    ansi-colors "^4.1.1"

typescript@^4.4.4:
  version "4.8.4"
  resolved "https://registry.yarnpkg.com/typescript/-/typescript-4.8.4.tgz#c464abca159669597be5f96b8943500b238e60e6"
  integrity sha512-QCh+85mCy+h0IGff8r5XWzOVSbBO+KfeYrMQh7NJ58QujwcE22u+NUSmUxqF+un70P9GXKxa2HCNiTTMJknyjQ==
